
Microsoft Visual Studio Solution File, Format Version 12.00
# Visual Studio 15
VisualStudioVersion = 15.0.27428.2002
MinimumVisualStudioVersion = 10.0.40219.1
Project("{FAE04EC0-301F-11D3-BF4B-00C04F79EFBC}") = "AnyChat", "AnyChat\AnyChat.csproj", "{C462929E-866E-466A-B3B8-122F504B6710}"
EndProject
Global
	GlobalSection(SolutionConfigurationPlatforms) = preSolution
		Debug|Any CPU = Debug|Any CPU
		Release|Any CPU = Release|Any CPU
	EndGlobalSection
	GlobalSection(ProjectConfigurationPlatforms) = postSolution
		{C462929E-866E-466A-B3B8-122F504B6710}.Debug|Any CPU.ActiveCfg = Debug|Any CPU
		{C462929E-866E-466A-B3B8-122F504B6710}.Debug|Any CPU.Build.0 = Debug|Any CPU
		{C462929E-866E-466A-B3B8-122F504B6710}.Release|Any CPU.ActiveCfg = Release|Any CPU
		{C462929E-866E-466A-B3B8-122F504B6710}.Release|Any CPU.Build.0 = Release|Any CPU
	EndGlobalSection
	GlobalSection(SolutionProperties) = preSolution
		HideSolutionNode = FALSE
	EndGlobalSection
	GlobalSection(ExtensibilityGlobals) = postSolution
		SolutionGuid = {870B6C7C-6420-42DB-B8AF-4D43E2D7E11F}
	EndGlobalSection
EndGlobal
